// !$*UTF8*$!
{
	archiveVersion = 1;
	classes = {
	};
	objectVersion = 56;
	objects = {

/* Begin PBXBuildFile section */
		3D0AEEA729DE8A31001480FA /* ClipboardToTelegramApp.swift in Sources */ = {isa = PBXBuildFile; fileRef = 3D0AEEA629DE8A31001480FA /* ClipboardToTelegramApp.swift */; };
		3D0AEEA929DE8A31001480FA /* Persistence.swift in Sources */ = {isa = PBXBuildFile; fileRef = 3D0AEEA829DE8A31001480FA /* Persistence.swift */; };
		3D0AEEAC29DE8A31001480FA /* ClipboardToTelegram.xcdatamodeld in Sources */ = {isa = PBXBuildFile; fileRef = 3D0AEEAA29DE8A31001480FA /* ClipboardToTelegram.xcdatamodeld */; };
		3D0AEEAE29DE8A31001480FA /* ContentView.swift in Sources */ = {isa = PBXBuildFile; fileRef = 3D0AEEAD29DE8A31001480FA /* ContentView.swift */; };
		3D0AEEB029DE8A34001480FA /* Assets.xcassets in Resources */ = {isa = PBXBuildFile; fileRef = 3D0AEEAF29DE8A34001480FA /* Assets.xcassets */; };
		3D0AEEB429DE8A34001480FA /* Preview Assets.xcassets in Resources */ = {isa = PBXBuildFile; fileRef = 3D0AEEB329DE8A34001480FA /* Preview Assets.xcassets */; };
		3D0AEEBE29DE8A34001480FA /* ClipboardToTelegramTests.swift in Sources */ = {isa = PBXBuildFile; fileRef = 3D0AEEBD29DE8A34001480FA /* ClipboardToTelegramTests.swift */; };
		3D0AEEC829DE8A34001480FA /* ClipboardToTelegramUITests.swift in Sources */ = {isa = PBXBuildFile; fileRef = 3D0AEEC729DE8A34001480FA /* ClipboardToTelegramUITests.swift */; };
		3D0AEECA29DE8A34001480FA /* ClipboardToTelegramUITestsLaunchTests.swift in Sources */ = {isa = PBXBuildFile; fileRef = 3D0AEEC929DE8A34001480FA /* ClipboardToTelegramUITestsLaunchTests.swift */; };
		3D0AEED729DE8AFF001480FA /* SettingsView.swift in Sources */ = {isa = PBXBuildFile; fileRef = 3D0AEED629DE8AFF001480FA /* SettingsView.swift */; };
/* End PBXBuildFile section */

/* Begin PBXContainerItemProxy section */
		3D0AEEBA29DE8A34001480FA /* PBXContainerItemProxy */ = {
			isa = PBXContainerItemProxy;
			containerPortal = 3D0AEE9B29DE8A31001480FA /* Project object */;
			proxyType = 1;
			remoteGlobalIDString = 3D0AEEA229DE8A31001480FA;
			remoteInfo = ClipboardToTelegram;
		};
		3D0AEEC429DE8A34001480FA /* PBXContainerItemProxy */ = {
			isa = PBXContainerItemProxy;
			containerPortal = 3D0AEE9B29DE8A31001480FA /* Project object */;
			proxyType = 1;
			remoteGlobalIDString = 3D0AEEA229DE8A31001480FA;
			remoteInfo = ClipboardToTelegram;
		};
/* End PBXContainerItemProxy section */

/* Begin PBXFileReference section */
		3D0AEEA329DE8A31001480FA /* ClipboardToTelegram.app */ = {isa = PBXFileReference; explicitFileType = wrapper.application; includeInIndex = 0; path = ClipboardToTelegram.app; sourceTree = BUILT_PRODUCTS_DIR; };
		3D0AEEA629DE8A31001480FA /* ClipboardToTelegramApp.swift */ = {isa = PBXFileReference; lastKnownFileType = sourcecode.swift; path = ClipboardToTelegramApp.swift; sourceTree = "<group>"; };
		3D0AEEA829DE8A31001480FA /* Persistence.swift */ = {isa = PBXFileReference; lastKnownFileType = sourcecode.swift; path = Persistence.swift; sourceTree = "<group>"; };
		3D0AEEAB29DE8A31001480FA /* ClipboardToTelegram.xcdatamodel */ = {isa = PBXFileReference; lastKnownFileType = wrapper.xcdatamodel; path = ClipboardToTelegram.xcdatamodel; sourceTree = "<group>"; };
		3D0AEEAD29DE8A31001480FA /* ContentView.swift */ = {isa = PBXFileReference; lastKnownFileType = sourcecode.swift; path = ContentView.swift; sourceTree = "<group>"; };
		3D0AEEAF29DE8A34001480FA /* Assets.xcassets */ = {isa = PBXFileReference; lastKnownFileType = folder.assetcatalog; path = Assets.xcassets; sourceTree = "<group>"; };
		3D0AEEB129DE8A34001480FA /* ClipboardToTelegram.entitlements */ = {isa = PBXFileReference; lastKnownFileType = text.plist.entitlements; path = ClipboardToTelegram.entitlements; sourceTree = "<group>"; };
		3D0AEEB329DE8A34001480FA /* Preview Assets.xcassets */ = {isa = PBXFileReference; lastKnownFileType = folder.assetcatalog; path = "Preview Assets.xcassets"; sourceTree = "<group>"; };
		3D0AEEB929DE8A34001480FA /* ClipboardToTelegramTests.xctest */ = {isa = PBXFileReference; explicitFileType = wrapper.cfbundle; includeInIndex = 0; path = ClipboardToTelegramTests.xctest; sourceTree = BUILT_PRODUCTS_DIR; };
		3D0AEEBD29DE8A34001480FA /* ClipboardToTelegramTests.swift */ = {isa = PBXFileReference; lastKnownFileType = sourcecode.swift; path = ClipboardToTelegramTests.swift; sourceTree = "<group>"; };
		3D0AEEC329DE8A34001480FA /* ClipboardToTelegramUITests.xctest */ = {isa = PBXFileReference; explicitFileType = wrapper.cfbundle; includeInIndex = 0; path = ClipboardToTelegramUITests.xctest; sourceTree = BUILT_PRODUCTS_DIR; };
		3D0AEEC729DE8A34001480FA /* ClipboardToTelegramUITests.swift */ = {isa = PBXFileReference; lastKnownFileType = sourcecode.swift; path = ClipboardToTelegramUITests.swift; sourceTree = "<group>"; };
		3D0AEEC929DE8A34001480FA /* ClipboardToTelegramUITestsLaunchTests.swift */ = {isa = PBXFileReference; lastKnownFileType = sourcecode.swift; path = ClipboardToTelegramUITestsLaunchTests.swift; sourceTree = "<group>"; };
		3D0AEED629DE8AFF001480FA /* SettingsView.swift */ = {isa = PBXFileReference; lastKnownFileType = sourcecode.swift; path = SettingsView.swift; sourceTree = "<group>"; };
/* End PBXFileReference section */

/* Begin PBXFrameworksBuildPhase section */
		3D0AEEA029DE8A31001480FA /* Frameworks */ = {
			isa = PBXFrameworksBuildPhase;
			buildActionMask = 2147483647;
			files = (
			);
			runOnlyForDeploymentPostprocessing = 0;
		};
		3D0AEEB629DE8A34001480FA /* Frameworks */ = {
			isa = PBXFrameworksBuildPhase;
			buildActionMask = 2147483647;
			files = (
			);
			runOnlyForDeploymentPostprocessing = 0;
		};
		3D0AEEC029DE8A34001480FA /* Frameworks */ = {
			isa = PBXFrameworksBuildPhase;
			buildActionMask = 2147483647;
			files = (
			);
			runOnlyForDeploymentPostprocessing = 0;
		};
/* End PBXFrameworksBuildPhase section */

/* Begin PBXGroup section */
		3D0AEE9A29DE8A31001480FA = {
			isa = PBXGroup;
			children = (
				3D0AEEA529DE8A31001480FA /* ClipboardToTelegram */,
				3D0AEEBC29DE8A34001480FA /* ClipboardToTelegramTests */,
				3D0AEEC629DE8A34001480FA /* ClipboardToTelegramUITests */,
				3D0AEEA429DE8A31001480FA /* Products */,
			);
			sourceTree = "<group>";
		};
		3D0AEEA429DE8A31001480FA /* Products */ = {
			isa = PBXGroup;
			children = (
				3D0AEEA329DE8A31001480FA /* ClipboardToTelegram.app */,
				3D0AEEB929DE8A34001480FA /* ClipboardToTelegramTests.xctest */,
				3D0AEEC329DE8A34001480FA /* ClipboardToTelegramUITests.xctest */,
			);
			name = Products;
			sourceTree = "<group>";
		};
		3D0AEEA529DE8A31001480FA /* ClipboardToTelegram */ = {
			isa = PBXGroup;
			children = (
				3D0AEEA629DE8A31001480FA /* ClipboardToTelegramApp.swift */,
				3D0AEEA829DE8A31001480FA /* Persistence.swift */,
				3D0AEEAD29DE8A31001480FA /* ContentView.swift */,
				3D0AEED629DE8AFF001480FA /* SettingsView.swift */,
				3D0AEEAF29DE8A34001480FA /* Assets.xcassets */,
				3D0AEEB129DE8A34001480FA /* ClipboardToTelegram.entitlements */,
				3D0AEEAA29DE8A31001480FA /* ClipboardToTelegram.xcdatamodeld */,
				3D0AEEB229DE8A34001480FA /* Preview Content */,
			);
			path = ClipboardToTelegram;
			sourceTree = "<group>";
		};
		3D0AEEB229DE8A34001480FA /* Preview Content */ = {
			isa = PBXGroup;
			children = (
				3D0AEEB329DE8A34001480FA /* Preview Assets.xcassets */,
			);
			path = "Preview Content";
			sourceTree = "<group>";
		};
		3D0AEEBC29DE8A34001480FA /* ClipboardToTelegramTests */ = {
			isa = PBXGroup;
			children = (
				3D0AEEBD29DE8A34001480FA /* ClipboardToTelegramTests.swift */,
			);
			path = ClipboardToTelegramTests;
			sourceTree = "<group>";
		};
		3D0AEEC629DE8A34001480FA /* ClipboardToTelegramUITests */ = {
			isa = PBXGroup;
			children = (
				3D0AEEC729DE8A34001480FA /* ClipboardToTelegramUITests.swift */,
				3D0AEEC929DE8A34001480FA /* ClipboardToTelegramUITestsLaunchTests.swift */,
			);
			path = ClipboardToTelegramUITests;
			sourceTree = "<group>";
		};
/* End PBXGroup section */

/* Begin PBXNativeTarget section */
		3D0AEEA229DE8A31001480FA /* ClipboardToTelegram */ = {
			isa = PBXNativeTarget;
			buildConfigurationList = 3D0AEECD29DE8A34001480FA /* Build configuration list for PBXNativeTarget "ClipboardToTelegram" */;
			buildPhases = (
				3D0AEE9F29DE8A31001480FA /* Sources */,
				3D0AEEA029DE8A31001480FA /* Frameworks */,
				3D0AEEA129DE8A31001480FA /* Resources */,
			);
			buildRules = (
			);
			dependencies = (
			);
			name = ClipboardToTelegram;
			productName = ClipboardToTelegram;
			productReference = 3D0AEEA329DE8A31001480FA /* ClipboardToTelegram.app */;
			productType = "com.apple.product-type.application";
		};
		3D0AEEB829DE8A34001480FA /* ClipboardToTelegramTests */ = {
			isa = PBXNativeTarget;
			buildConfigurationList = 3D0AEED029DE8A34001480FA /* Build configuration list for PBXNativeTarget "ClipboardToTelegramTests" */;
			buildPhases = (
				3D0AEEB529DE8A34001480FA /* Sources */,
				3D0AEEB629DE8A34001480FA /* Frameworks */,
				3D0AEEB729DE8A34001480FA /* Resources */,
			);
			buildRules = (
			);
			dependencies = (
				3D0AEEBB29DE8A34001480FA /* PBXTargetDependency */,
			);
			name = ClipboardToTelegramTests;
			productName = ClipboardToTelegramTests;
			productReference = 3D0AEEB929DE8A34001480FA /* ClipboardToTelegramTests.xctest */;
			productType = "com.apple.product-type.bundle.unit-test";
		};
		3D0AEEC229DE8A34001480FA /* ClipboardToTelegramUITests */ = {
			isa = PBXNativeTarget;
			buildConfigurationList = 3D0AEED329DE8A34001480FA /* Build configuration list for PBXNativeTarget "ClipboardToTelegramUITests" */;
			buildPhases = (
				3D0AEEBF29DE8A34001480FA /* Sources */,
				3D0AEEC029DE8A34001480FA /* Frameworks */,
				3D0AEEC129DE8A34001480FA /* Resources */,
			);
			buildRules = (
			);
			dependencies = (
				3D0AEEC529DE8A34001480FA /* PBXTargetDependency */,
			);
			name = ClipboardToTelegramUITests;
			productName = ClipboardToTelegramUITests;
			productReference = 3D0AEEC329DE8A34001480FA /* ClipboardToTelegramUITests.xctest */;
			productType = "com.apple.product-type.bundle.ui-testing";
		};
/* End PBXNativeTarget section */

/* Begin PBXProject section */
		3D0AEE9B29DE8A31001480FA /* Project object */ = {
			isa = PBXProject;
			attributes = {
				BuildIndependentTargetsInParallel = 1;
				LastSwiftUpdateCheck = 1420;
				LastUpgradeCheck = 1420;
				TargetAttributes = {
					3D0AEEA229DE8A31001480FA = {
						CreatedOnToolsVersion = 14.2;
					};
					3D0AEEB829DE8A34001480FA = {
						CreatedOnToolsVersion = 14.2;
						TestTargetID = 3D0AEEA229DE8A31001480FA;
					};
					3D0AEEC229DE8A34001480FA = {
						CreatedOnToolsVersion = 14.2;
						TestTargetID = 3D0AEEA229DE8A31001480FA;
					};
				};
			};
			buildConfigurationList = 3D0AEE9E29DE8A31001480FA /* Build configuration list for PBXProject "ClipboardToTelegram" */;
			compatibilityVersion = "Xcode 14.0";
			developmentRegion = en;
			hasScannedForEncodings = 0;
			knownRegions = (
				en,
				Base,
			);
			mainGroup = 3D0AEE9A29DE8A31001480FA;
			productRefGroup = 3D0AEEA429DE8A31001480FA /* Products */;
			projectDirPath = "";
			projectRoot = "";
			targets = (
				3D0AEEA229DE8A31001480FA /* ClipboardToTelegram */,
				3D0AEEB829DE8A34001480FA /* ClipboardToTelegramTests */,
				3D0AEEC229DE8A34001480FA /* ClipboardToTelegramUITests */,
			);
		};
/* End PBXProject section */

/* Begin PBXResourcesBuildPhase section */
		3D0AEEA129DE8A31001480FA /* Resources */ = {
			isa = PBXResourcesBuildPhase;
			buildActionMask = 2147483647;
			files = (
				3D0AEEB429DE8A34001480FA /* Preview Assets.xcassets in Resources */,
				3D0AEEB029DE8A34001480FA /* Assets.xcassets in Resources */,
			);
			runOnlyForDeploymentPostprocessing = 0;
		};
		3D0AEEB729DE8A34001480FA /* Resources */ = {
			isa = PBXResourcesBuildPhase;
			buildActionMask = 2147483647;
			files = (
			);
			runOnlyForDeploymentPostprocessing = 0;
		};
		3D0AEEC129DE8A34001480FA /* Resources */ = {
			isa = PBXResourcesBuildPhase;
			buildActionMask = 2147483647;
			files = (
			);
			runOnlyForDeploymentPostprocessing = 0;
		};
/* End PBXResourcesBuildPhase section */

/* Begin PBXSourcesBuildPhase section */
		3D0AEE9F29DE8A31001480FA /* Sources */ = {
			isa = PBXSourcesBuildPhase;
			buildActionMask = 2147483647;
			files = (
				3D0AEED729DE8AFF001480FA /* SettingsView.swift in Sources */,
				3D0AEEA729DE8A31001480FA /* ClipboardToTelegramApp.swift in Sources */,
				3D0AEEAC29DE8A31001480FA /* ClipboardToTelegram.xcdatamodeld in Sources */,
				3D0AEEAE29DE8A31001480FA /* ContentView.swift in Sources */,
				3D0AEEA929DE8A31001480FA /* Persistence.swift in Sources */,
			);
			runOnlyForDeploymentPostprocessing = 0;
		};
		3D0AEEB529DE8A34001480FA /* Sources */ = {
			isa = PBXSourcesBuildPhase;
			buildActionMask = 2147483647;
			files = (
				3D0AEEBE29DE8A34001480FA /* ClipboardToTelegramTests.swift in Sources */,
			);
			runOnlyForDeploymentPostprocessing = 0;
		};
		3D0AEEBF29DE8A34001480FA /* Sources */ = {
			isa = PBXSourcesBuildPhase;
			buildActionMask = 2147483647;
			files = (
				3D0AEEC829DE8A34001480FA /* ClipboardToTelegramUITests.swift in Sources */,
				3D0AEECA29DE8A34001480FA /* ClipboardToTelegramUITestsLaunchTests.swift in Sources */,
			);
			runOnlyForDeploymentPostprocessing = 0;
		};
/* End PBXSourcesBuildPhase section */

/* Begin PBXTargetDependency section */
		3D0AEEBB29DE8A34001480FA /* PBXTargetDependency */ = {
			isa = PBXTargetDependency;
			target = 3D0AEEA229DE8A31001480FA /* ClipboardToTelegram */;
			targetProxy = 3D0AEEBA29DE8A34001480FA /* PBXContainerItemProxy */;
		};
		3D0AEEC529DE8A34001480FA /* PBXTargetDependency */ = {
			isa = PBXTargetDependency;
			target = 3D0AEEA229DE8A31001480FA /* ClipboardToTelegram */;
			targetProxy = 3D0AEEC429DE8A34001480FA /* PBXContainerItemProxy */;
		};
/* End PBXTargetDependency section */

/* Begin XCBuildConfiguration section */
		3D0AEECB29DE8A34001480FA /* Debug */ = {
			isa = XCBuildConfiguration;
			buildSettings = {
				ALWAYS_SEARCH_USER_PATHS = NO;
				CLANG_ANALYZER_NONNULL = YES;
				CLANG_ANALYZER_NUMBER_OBJECT_CONVERSION = YES_AGGRESSIVE;
				CLANG_CXX_LANGUAGE_STANDARD = "gnu++20";
				CLANG_ENABLE_MODULES = YES;
				CLANG_ENABLE_OBJC_ARC = YES;
				CLANG_ENABLE_OBJC_WEAK = YES;
				CLANG_WARN_BLOCK_CAPTURE_AUTORELEASING = YES;
				CLANG_WARN_BOOL_CONVERSION = YES;
				CLANG_WARN_COMMA = YES;
				CLANG_WARN_CONSTANT_CONVERSION = YES;
				CLANG_WARN_DEPRECATED_OBJC_IMPLEMENTATIONS = YES;
				CLANG_WARN_DIRECT_OBJC_ISA_USAGE = YES_ERROR;
				CLANG_WARN_DOCUMENTATION_COMMENTS = YES;
				CLANG_WARN_EMPTY_BODY = YES;
				CLANG_WARN_ENUM_CONVERSION = YES;
				CLANG_WARN_INFINITE_RECURSION = YES;
				CLANG_WARN_INT_CONVERSION = YES;
				CLANG_WARN_NON_LITERAL_NULL_CONVERSION = YES;
				CLANG_WARN_OBJC_IMPLICIT_RETAIN_SELF = YES;
				CLANG_WARN_OBJC_LITERAL_CONVERSION = YES;
				CLANG_WARN_OBJC_ROOT_CLASS = YES_ERROR;
				CLANG_WARN_QUOTED_INCLUDE_IN_FRAMEWORK_HEADER = YES;
				CLANG_WARN_RANGE_LOOP_ANALYSIS = YES;
				CLANG_WARN_STRICT_PROTOTYPES = YES;
				CLANG_WARN_SUSPICIOUS_MOVE = YES;
				CLANG_WARN_UNGUARDED_AVAILABILITY = YES_AGGRESSIVE;
				CLANG_WARN_UNREACHABLE_CODE = YES;
				CLANG_WARN__DUPLICATE_METHOD_MATCH = YES;
				COPY_PHASE_STRIP = NO;
				DEBUG_INFORMATION_FORMAT = dwarf;
				ENABLE_STRICT_OBJC_MSGSEND = YES;
				ENABLE_TESTABILITY = YES;
				GCC_C_LANGUAGE_STANDARD = gnu11;
				GCC_DYNAMIC_NO_PIC = NO;
				GCC_NO_COMMON_BLOCKS = YES;
				GCC_OPTIMIZATION_LEVEL = 0;
				GCC_PREPROCESSOR_DEFINITIONS = (
					"DEBUG=1",
					"$(inherited)",
				);
				GCC_WARN_64_TO_32_BIT_CONVERSION = YES;
				GCC_WARN_ABOUT_RETURN_TYPE = YES_ERROR;
				GCC_WARN_UNDECLARED_SELECTOR = YES;
				GCC_WARN_UNINITIALIZED_AUTOS = YES_AGGRESSIVE;
				GCC_WARN_UNUSED_FUNCTION = YES;
				GCC_WARN_UNUSED_VARIABLE = YES;
				MTL_ENABLE_DEBUG_INFO = INCLUDE_SOURCE;
				MTL_FAST_MATH = YES;
				ONLY_ACTIVE_ARCH = YES;
				SWIFT_ACTIVE_COMPILATION_CONDITIONS = DEBUG;
				SWIFT_OPTIMIZATION_LEVEL = "-Onone";
			};
			name = Debug;
		};
		3D0AEECC29DE8A34001480FA /* Release */ = {
			isa = XCBuildConfiguration;
			buildSettings = {
				ALWAYS_SEARCH_USER_PATHS = NO;
				CLANG_ANALYZER_NONNULL = YES;
				CLANG_ANALYZER_NUMBER_OBJECT_CONVERSION = YES_AGGRESSIVE;
				CLANG_CXX_LANGUAGE_STANDARD = "gnu++20";
				CLANG_ENABLE_MODULES = YES;
				CLANG_ENABLE_OBJC_ARC = YES;
				CLANG_ENABLE_OBJC_WEAK = YES;
				CLANG_WARN_BLOCK_CAPTURE_AUTORELEASING = YES;
				CLANG_WARN_BOOL_CONVERSION = YES;
				CLANG_WARN_COMMA = YES;
				CLANG_WARN_CONSTANT_CONVERSION = YES;
				CLANG_WARN_DEPRECATED_OBJC_IMPLEMENTATIONS = YES;
				CLANG_WARN_DIRECT_OBJC_ISA_USAGE = YES_ERROR;
				CLANG_WARN_DOCUMENTATION_COMMENTS = YES;
				CLANG_WARN_EMPTY_BODY = YES;
				CLANG_WARN_ENUM_CONVERSION = YES;
				CLANG_WARN_INFINITE_RECURSION = YES;
				CLANG_WARN_INT_CONVERSION = YES;
				CLANG_WARN_NON_LITERAL_NULL_CONVERSION = YES;
				CLANG_WARN_OBJC_IMPLICIT_RETAIN_SELF = YES;
				CLANG_WARN_OBJC_LITERAL_CONVERSION = YES;
				CLANG_WARN_OBJC_ROOT_CLASS = YES_ERROR;
				CLANG_WARN_QUOTED_INCLUDE_IN_FRAMEWORK_HEADER = YES;
				CLANG_WARN_RANGE_LOOP_ANALYSIS = YES;
				CLANG_WARN_STRICT_PROTOTYPES = YES;
				CLANG_WARN_SUSPICIOUS_MOVE = YES;
				CLANG_WARN_UNGUARDED_AVAILABILITY = YES_AGGRESSIVE;
				CLANG_WARN_UNREACHABLE_CODE = YES;
				CLANG_WARN__DUPLICATE_METHOD_MATCH = YES;
				COPY_PHASE_STRIP = NO;
				DEBUG_INFORMATION_FORMAT = "dwarf-with-dsym";
				ENABLE_NS_ASSERTIONS = NO;
				ENABLE_STRICT_OBJC_MSGSEND = YES;
				GCC_C_LANGUAGE_STANDARD = gnu11;
				GCC_NO_COMMON_BLOCKS = YES;
				GCC_WARN_64_TO_32_BIT_CONVERSION = YES;
				GCC_WARN_ABOUT_RETURN_TYPE = YES_ERROR;
				GCC_WARN_UNDECLARED_SELECTOR = YES;
				GCC_WARN_UNINITIALIZED_AUTOS = YES_AGGRESSIVE;
				GCC_WARN_UNUSED_FUNCTION = YES;
				GCC_WARN_UNUSED_VARIABLE = YES;
				MTL_ENABLE_DEBUG_INFO = NO;
				MTL_FAST_MATH = YES;
				SWIFT_COMPILATION_MODE = wholemodule;
				SWIFT_OPTIMIZATION_LEVEL = "-O";
			};
			name = Release;
		};
		3D0AEECE29DE8A34001480FA /* Debug */ = {
			isa = XCBuildConfiguration;
			buildSettings = {
				ASSETCATALOG_COMPILER_APPICON_NAME = AppIcon;
				ASSETCATALOG_COMPILER_GLOBAL_ACCENT_COLOR_NAME = AccentColor;
				CODE_SIGN_ENTITLEMENTS = ClipboardToTelegram/ClipboardToTelegram.entitlements;
				CODE_SIGN_STYLE = Automatic;
				CURRENT_PROJECT_VERSION = 1;
				DEVELOPMENT_ASSET_PATHS = "\"ClipboardToTelegram/Preview Content\"";
				DEVELOPMENT_TEAM = L5F47963M2;
				ENABLE_HARDENED_RUNTIME = YES;
				ENABLE_PREVIEWS = YES;
				GENERATE_INFOPLIST_FILE = YES;
				"INFOPLIST_KEY_UIApplicationSceneManifest_Generation[sdk=iphoneos*]" = YES;
				"INFOPLIST_KEY_UIApplicationSceneManifest_Generation[sdk=iphonesimulator*]" = YES;
				"INFOPLIST_KEY_UIApplicationSupportsIndirectInputEvents[sdk=iphoneos*]" = YES;
				"INFOPLIST_KEY_UIApplicationSupportsIndirectInputEvents[sdk=iphonesimulator*]" = YES;
				"INFOPLIST_KEY_UILaunchScreen_Generation[sdk=iphoneos*]" = YES;
				"INFOPLIST_KEY_UILaunchScreen_Generation[sdk=iphonesimulator*]" = YES;
				"INFOPLIST_KEY_UIStatusBarStyle[sdk=iphoneos*]" = UIStatusBarStyleDefault;
				"INFOPLIST_KEY_UIStatusBarStyle[sdk=iphonesimulator*]" = UIStatusBarStyleDefault;
				INFOPLIST_KEY_UISupportedInterfaceOrientations_iPad = "UIInterfaceOrientationPortrait UIInterfaceOrientationPortraitUpsideDown UIInterfaceOrientationLandscapeLeft UIInterfaceOrientationLandscapeRight";
				INFOPLIST_KEY_UISupportedInterfaceOrientations_iPhone = "UIInterfaceOrientationPortrait UIInterfaceOrientationLandscapeLeft UIInterfaceOrientationLandscapeRight";
				IPHONEOS_DEPLOYMENT_TARGET = 16.2;
				LD_RUNPATH_SEARCH_PATHS = "@executable_path/Frameworks";
				"LD_RUNPATH_SEARCH_PATHS[sdk=macosx*]" = "@executable_path/../Frameworks";
				MACOSX_DEPLOYMENT_TARGET = 13.0;
				MARKETING_VERSION = 1.0;
				PRODUCT_BUNDLE_IDENTIFIER = com.bytedesk.ClipboardToTelegram;
				PRODUCT_NAME = "$(TARGET_NAME)";
				SDKROOT = auto;
				SUPPORTED_PLATFORMS = "iphoneos iphonesimulator macosx";
				SWIFT_EMIT_LOC_STRINGS = YES;
				SWIFT_VERSION = 5.0;
				TARGETED_DEVICE_FAMILY = "1,2";
			};
			name = Debug;
		};
		3D0AEECF29DE8A34001480FA /* Release */ = {
			isa = XCBuildConfiguration;
			buildSettings = {
				ASSETCATALOG_COMPILER_APPICON_NAME = AppIcon;
				ASSETCATALOG_COMPILER_GLOBAL_ACCENT_COLOR_NAME = AccentColor;
				CODE_SIGN_ENTITLEMENTS = ClipboardToTelegram/ClipboardToTelegram.entitlements;
				CODE_SIGN_STYLE = Automatic;
				CURRENT_PROJECT_VERSION = 1;
				DEVELOPMENT_ASSET_PATHS = "\"ClipboardToTelegram/Preview Content\"";
				DEVELOPMENT_TEAM = L5F47963M2;
				ENABLE_HARDENED_RUNTIME = YES;
				ENABLE_PREVIEWS = YES;
				GENERATE_INFOPLIST_FILE = YES;
				"INFOPLIST_KEY_UIApplicationSceneManifest_Generation[sdk=iphoneos*]" = YES;
				"INFOPLIST_KEY_UIApplicationSceneManifest_Generation[sdk=iphonesimulator*]" = YES;
				"INFOPLIST_KEY_UIApplicationSupportsIndirectInputEvents[sdk=iphoneos*]" = YES;
				"INFOPLIST_KEY_UIApplicationSupportsIndirectInputEvents[sdk=iphonesimulator*]" = YES;
				"INFOPLIST_KEY_UILaunchScreen_Generation[sdk=iphoneos*]" = YES;
				"INFOPLIST_KEY_UILaunchScreen_Generation[sdk=iphonesimulator*]" = YES;
				"INFOPLIST_KEY_UIStatusBarStyle[sdk=iphoneos*]" = UIStatusBarStyleDefault;
				"INFOPLIST_KEY_UIStatusBarStyle[sdk=iphonesimulator*]" = UIStatusBarStyleDefault;
				INFOPLIST_KEY_UISupportedInterfaceOrientations_iPad = "UIInterfaceOrientationPortrait UIInterfaceOrientationPortraitUpsideDown UIInterfaceOrientationLandscapeLeft UIInterfaceOrientationLandscapeRight";
				INFOPLIST_KEY_UISupportedInterfaceOrientations_iPhone = "UIInterfaceOrientationPortrait UIInterfaceOrientationLandscapeLeft UIInterfaceOrientationLandscapeRight";
				IPHONEOS_DEPLOYMENT_TARGET = 16.2;
				LD_RUNPATH_SEARCH_PATHS = "@executable_path/Frameworks";
				"LD_RUNPATH_SEARCH_PATHS[sdk=macosx*]" = "@executable_path/../Frameworks";
				MACOSX_DEPLOYMENT_TARGET = 13.0;
				MARKETING_VERSION = 1.0;
				PRODUCT_BUNDLE_IDENTIFIER = com.bytedesk.ClipboardToTelegram;
				PRODUCT_NAME = "$(TARGET_NAME)";
				SDKROOT = auto;
				SUPPORTED_PLATFORMS = "iphoneos iphonesimulator macosx";
				SWIFT_EMIT_LOC_STRINGS = YES;
				SWIFT_VERSION = 5.0;
				TARGETED_DEVICE_FAMILY = "1,2";
			};
			name = Release;
		};
		3D0AEED129DE8A34001480FA /* Debug */ = {
			isa = XCBuildConfiguration;
			buildSettings = {
				ALWAYS_EMBED_SWIFT_STANDARD_LIBRARIES = YES;
				BUNDLE_LOADER = "$(TEST_HOST)";
				CODE_SIGN_STYLE = Automatic;
				CURRENT_PROJECT_VERSION = 1;
				DEVELOPMENT_TEAM = L5F47963M2;
				GENERATE_INFOPLIST_FILE = YES;
				IPHONEOS_DEPLOYMENT_TARGET = 16.2;
				MACOSX_DEPLOYMENT_TARGET = 13.0;
				MARKETING_VERSION = 1.0;
				PRODUCT_BUNDLE_IDENTIFIER = com.bytedesk.ClipboardToTelegramTests;
				PRODUCT_NAME = "$(TARGET_NAME)";
				SDKROOT = auto;
				SUPPORTED_PLATFORMS = "iphoneos iphonesimulator macosx";
				SWIFT_EMIT_LOC_STRINGS = NO;
				SWIFT_VERSION = 5.0;
				TARGETED_DEVICE_FAMILY = "1,2";
				TEST_HOST = "$(BUILT_PRODUCTS_DIR)/ClipboardToTelegram.app/$(BUNDLE_EXECUTABLE_FOLDER_PATH)/ClipboardToTelegram";
			};
			name = Debug;
		};
		3D0AEED229DE8A34001480FA /* Release */ = {
			isa = XCBuildConfiguration;
			buildSettings = {
				ALWAYS_EMBED_SWIFT_STANDARD_LIBRARIES = YES;
				BUNDLE_LOADER = "$(TEST_HOST)";
				CODE_SIGN_STYLE = Automatic;
				CURRENT_PROJECT_VERSION = 1;
				DEVELOPMENT_TEAM = L5F47963M2;
				GENERATE_INFOPLIST_FILE = YES;
				IPHONEOS_DEPLOYMENT_TARGET = 16.2;
				MACOSX_DEPLOYMENT_TARGET = 13.0;
				MARKETING_VERSION = 1.0;
				PRODUCT_BUNDLE_IDENTIFIER = com.bytedesk.ClipboardToTelegramTests;
				PRODUCT_NAME = "$(TARGET_NAME)";
				SDKROOT = auto;
				SUPPORTED_PLATFORMS = "iphoneos iphonesimulator macosx";
				SWIFT_EMIT_LOC_STRINGS = NO;
				SWIFT_VERSION = 5.0;
				TARGETED_DEVICE_FAMILY = "1,2";
				TEST_HOST = "$(BUILT_PRODUCTS_DIR)/ClipboardToTelegram.app/$(BUNDLE_EXECUTABLE_FOLDER_PATH)/ClipboardToTelegram";
			};
			name = Release;
		};
		3D0AEED429DE8A34001480FA /* Debug */ = {
			isa = XCBuildConfiguration;
			buildSettings = {
				ALWAYS_EMBED_SWIFT_STANDARD_LIBRARIES = YES;
				CODE_SIGN_STYLE = Automatic;
				CURRENT_PROJECT_VERSION = 1;
				DEVELOPMENT_TEAM = L5F47963M2;
				GENERATE_INFOPLIST_FILE = YES;
				IPHONEOS_DEPLOYMENT_TARGET = 16.2;
				MACOSX_DEPLOYMENT_TARGET = 13.0;
				MARKETING_VERSION = 1.0;
				PRODUCT_BUNDLE_IDENTIFIER = com.bytedesk.ClipboardToTelegramUITests;
				PRODUCT_NAME = "$(TARGET_NAME)";
				SDKROOT = auto;
				SUPPORTED_PLATFORMS = "iphoneos iphonesimulator macosx";
				SWIFT_EMIT_LOC_STRINGS = NO;
				SWIFT_VERSION = 5.0;
				TARGETED_DEVICE_FAMILY = "1,2";
				TEST_TARGET_NAME = ClipboardToTelegram;
			};
			name = Debug;
		};
		3D0AEED529DE8A34001480FA /* Release */ = {
			isa = XCBuildConfiguration;
			buildSettings = {
				ALWAYS_EMBED_SWIFT_STANDARD_LIBRARIES = YES;
				CODE_SIGN_STYLE = Automatic;
				CURRENT_PROJECT_VERSION = 1;
				DEVELOPMENT_TEAM = L5F47963M2;
				GENERATE_INFOPLIST_FILE = YES;
				IPHONEOS_DEPLOYMENT_TARGET = 16.2;
				MACOSX_DEPLOYMENT_TARGET = 13.0;
				MARKETING_VERSION = 1.0;
				PRODUCT_BUNDLE_IDENTIFIER = com.bytedesk.ClipboardToTelegramUITests;
				PRODUCT_NAME = "$(TARGET_NAME)";
				SDKROOT = auto;
				SUPPORTED_PLATFORMS = "iphoneos iphonesimulator macosx";
				SWIFT_EMIT_LOC_STRINGS = NO;
				SWIFT_VERSION = 5.0;
				TARGETED_DEVICE_FAMILY = "1,2";
				TEST_TARGET_NAME = ClipboardToTelegram;
			};
			name = Release;
		};
/* End XCBuildConfiguration section */

/* Begin XCConfigurationList section */
		3D0AEE9E29DE8A31001480FA /* Build configuration list for PBXProject "ClipboardToTelegram" */ = {
			isa = XCConfigurationList;
			buildConfigurations = (
				3D0AEECB29DE8A34001480FA /* Debug */,
				3D0AEECC29DE8A34001480FA /* Release */,
			);
			defaultConfigurationIsVisible = 0;
			defaultConfigurationName = Release;
		};
		3D0AEECD29DE8A34001480FA /* Build configuration list for PBXNativeTarget "ClipboardToTelegram" */ = {
			isa = XCConfigurationList;
			buildConfigurations = (
				3D0AEECE29DE8A34001480FA /* Debug */,
				3D0AEECF29DE8A34001480FA /* Release */,
			);
			defaultConfigurationIsVisible = 0;
			defaultConfigurationName = Release;
		};
		3D0AEED029DE8A34001480FA /* Build configuration list for PBXNativeTarget "ClipboardToTelegramTests" */ = {
			isa = XCConfigurationList;
			buildConfigurations = (
				3D0AEED129DE8A34001480FA /* Debug */,
				3D0AEED229DE8A34001480FA /* Release */,
			);
			defaultConfigurationIsVisible = 0;
			defaultConfigurationName = Release;
		};
		3D0AEED329DE8A34001480FA /* Build configuration list for PBXNativeTarget "ClipboardToTelegramUITests" */ = {
			isa = XCConfigurationList;
			buildConfigurations = (
				3D0AEED429DE8A34001480FA /* Debug */,
				3D0AEED529DE8A34001480FA /* Release */,
			);
			defaultConfigurationIsVisible = 0;
			defaultConfigurationName = Release;
		};
/* End XCConfigurationList section */

/* Begin XCVersionGroup section */
		3D0AEEAA29DE8A31001480FA /* ClipboardToTelegram.xcdatamodeld */ = {
			isa = XCVersionGroup;
			children = (
				3D0AEEAB29DE8A31001480FA /* ClipboardToTelegram.xcdatamodel */,
			);
			currentVersion = 3D0AEEAB29DE8A31001480FA /* ClipboardToTelegram.xcdatamodel */;
			path = ClipboardToTelegram.xcdatamodeld;
			sourceTree = "<group>";
			versionGroupType = wrapper.xcdatamodel;
		};
/* End XCVersionGroup section */
	};
	rootObject = 3D0AEE9B29DE8A31001480FA /* Project object */;
}
